// !$*UTF8*$!
{
	archiveVersion = 1;
	classes = {
	};
	objectVersion = 46;
	objects = {

/* Begin PBXBuildFile section */
		47506BCF1A92ED7700B069E5 /* AppDelegate.swift in Sources */ = {isa = PBXBuildFile; fileRef = 47506BCE1A92ED7700B069E5 /* AppDelegate.swift */; };
		47506BD11A92ED7700B069E5 /* Level1.sks in Resources */ = {isa = PBXBuildFile; fileRef = 47506BD01A92ED7700B069E5 /* Level1.sks */; };
		47506BD31A92ED7700B069E5 /* GameScene.swift in Sources */ = {isa = PBXBuildFile; fileRef = 47506BD21A92ED7700B069E5 /* GameScene.swift */; };
		47506BD51A92ED7700B069E5 /* GameViewController.swift in Sources */ = {isa = PBXBuildFile; fileRef = 47506BD41A92ED7700B069E5 /* GameViewController.swift */; };
		47506BD81A92ED7700B069E5 /* Main.storyboard in Resources */ = {isa = PBXBuildFile; fileRef = 47506BD61A92ED7700B069E5 /* Main.storyboard */; };
		47506BDA1A92ED7700B069E5 /* Images.xcassets in Resources */ = {isa = PBXBuildFile; fileRef = 47506BD91A92ED7700B069E5 /* Images.xcassets */; };
		47506BDD1A92ED7700B069E5 /* LaunchScreen.xib in Resources */ = {isa = PBXBuildFile; fileRef = 47506BDB1A92ED7700B069E5 /* LaunchScreen.xib */; };
		47506BE91A92ED7700B069E5 /* CatNapTests.swift in Sources */ = {isa = PBXBuildFile; fileRef = 47506BE81A92ED7700B069E5 /* CatNapTests.swift */; };
		47506C1E1A92EECA00B069E5 /* Icon29.png in Resources */ = {isa = PBXBuildFile; fileRef = 47506BF51A92EECA00B069E5 /* Icon29.png */; };
		47506C1F1A92EECA00B069E5 /* Icon29@2x.png in Resources */ = {isa = PBXBuildFile; fileRef = 47506BF61A92EECA00B069E5 /* Icon29@2x.png */; };
		47506C201A92EECA00B069E5 /* Icon29@3x.png in Resources */ = {isa = PBXBuildFile; fileRef = 47506BF71A92EECA00B069E5 /* Icon29@3x.png */; };
		47506C211A92EECA00B069E5 /* Icon40.png in Resources */ = {isa = PBXBuildFile; fileRef = 47506BF81A92EECA00B069E5 /* Icon40.png */; };
		47506C221A92EECA00B069E5 /* Icon40@2x.png in Resources */ = {isa = PBXBuildFile; fileRef = 47506BF91A92EECA00B069E5 /* Icon40@2x.png */; };
		47506C231A92EECA00B069E5 /* Icon40@3x.png in Resources */ = {isa = PBXBuildFile; fileRef = 47506BFA1A92EECA00B069E5 /* Icon40@3x.png */; };
		47506C241A92EECA00B069E5 /* Icon50.png in Resources */ = {isa = PBXBuildFile; fileRef = 47506BFB1A92EECA00B069E5 /* Icon50.png */; };
		47506C251A92EECA00B069E5 /* Icon50@2x.png in Resources */ = {isa = PBXBuildFile; fileRef = 47506BFC1A92EECA00B069E5 /* Icon50@2x.png */; };
		47506C261A92EECA00B069E5 /* Icon57.png in Resources */ = {isa = PBXBuildFile; fileRef = 47506BFD1A92EECA00B069E5 /* Icon57.png */; };
		47506C271A92EECA00B069E5 /* Icon57@2x.png in Resources */ = {isa = PBXBuildFile; fileRef = 47506BFE1A92EECA00B069E5 /* Icon57@2x.png */; };
		47506C281A92EECA00B069E5 /* Icon60@2x.png in Resources */ = {isa = PBXBuildFile; fileRef = 47506BFF1A92EECA00B069E5 /* Icon60@2x.png */; };
		47506C291A92EECA00B069E5 /* Icon60@3x.png in Resources */ = {isa = PBXBuildFile; fileRef = 47506C001A92EECA00B069E5 /* Icon60@3x.png */; };
		47506C2A1A92EECA00B069E5 /* Icon72.png in Resources */ = {isa = PBXBuildFile; fileRef = 47506C011A92EECA00B069E5 /* Icon72.png */; };
		47506C2B1A92EECA00B069E5 /* Icon72@2x.png in Resources */ = {isa = PBXBuildFile; fileRef = 47506C021A92EECA00B069E5 /* Icon72@2x.png */; };
		47506C2C1A92EECA00B069E5 /* Icon76.png in Resources */ = {isa = PBXBuildFile; fileRef = 47506C031A92EECA00B069E5 /* Icon76.png */; };
		47506C2D1A92EECA00B069E5 /* Icon76@2x.png in Resources */ = {isa = PBXBuildFile; fileRef = 47506C041A92EECA00B069E5 /* Icon76@2x.png */; };
		47506C2E1A92EECA00B069E5 /* iTunesArtwork.png in Resources */ = {isa = PBXBuildFile; fileRef = 47506C061A92EECA00B069E5 /* iTunesArtwork.png */; };
		47506C2F1A92EECA00B069E5 /* iTunesArtwork@2x.png in Resources */ = {isa = PBXBuildFile; fileRef = 47506C071A92EECA00B069E5 /* iTunesArtwork@2x.png */; };
		47506C301A92EECA00B069E5 /* Icon1024.png in Resources */ = {isa = PBXBuildFile; fileRef = 47506C091A92EECA00B069E5 /* Icon1024.png */; };
		47506C311A92EECA00B069E5 /* Icon128.png in Resources */ = {isa = PBXBuildFile; fileRef = 47506C0A1A92EECA00B069E5 /* Icon128.png */; };
		47506C321A92EECA00B069E5 /* Icon16.png in Resources */ = {isa = PBXBuildFile; fileRef = 47506C0B1A92EECA00B069E5 /* Icon16.png */; };
		47506C331A92EECA00B069E5 /* Icon256.png in Resources */ = {isa = PBXBuildFile; fileRef = 47506C0C1A92EECA00B069E5 /* Icon256.png */; };
		47506C341A92EECA00B069E5 /* Icon32.png in Resources */ = {isa = PBXBuildFile; fileRef = 47506C0D1A92EECA00B069E5 /* Icon32.png */; };
		47506C351A92EECA00B069E5 /* Icon512.png in Resources */ = {isa = PBXBuildFile; fileRef = 47506C0E1A92EECA00B069E5 /* Icon512.png */; };
		47506C361A92EECA00B069E5 /* Icon64.png in Resources */ = {isa = PBXBuildFile; fileRef = 47506C0F1A92EECA00B069E5 /* Icon64.png */; };
		47506C371A92EECA00B069E5 /* .BridgeSort in Resources */ = {isa = PBXBuildFile; fileRef = 47506C111A92EECA00B069E5 /* .BridgeSort */; };
		47506C381A92EECA00B069E5 /* background-desat.png in Resources */ = {isa = PBXBuildFile; fileRef = 47506C121A92EECA00B069E5 /* background-desat.png */; };
		47506C391A92EECA00B069E5 /* background.png in Resources */ = {isa = PBXBuildFile; fileRef = 47506C131A92EECA00B069E5 /* background.png */; };
		47506C3A1A92EECA00B069E5 /* cat_body.png in Resources */ = {isa = PBXBuildFile; fileRef = 47506C141A92EECA00B069E5 /* cat_body.png */; };
		47506C3B1A92EECA00B069E5 /* backgroundMusic.mp3 in Resources */ = {isa = PBXBuildFile; fileRef = 47506C161A92EECA00B069E5 /* backgroundMusic.mp3 */; };
		47506C3C1A92EECA00B069E5 /* lose.mp3 in Resources */ = {isa = PBXBuildFile; fileRef = 47506C171A92EECA00B069E5 /* lose.mp3 */; };
		47506C3D1A92EECA00B069E5 /* pop.mp3 in Resources */ = {isa = PBXBuildFile; fileRef = 47506C181A92EECA00B069E5 /* pop.mp3 */; };
		47506C3E1A92EECA00B069E5 /* win.mp3 in Resources */ = {isa = PBXBuildFile; fileRef = 47506C191A92EECA00B069E5 /* win.mp3 */; };
		47506C3F1A92EECA00B069E5 /* sprites.atlas in Resources */ = {isa = PBXBuildFile; fileRef = 47506C1A1A92EECA00B069E5 /* sprites.atlas */; };
		47506C401A92EECA00B069E5 /* BookTrailer.m4v in Resources */ = {isa = PBXBuildFile; fileRef = 47506C1C1A92EECA00B069E5 /* BookTrailer.m4v */; };
		47506C411A92EECA00B069E5 /* loop.mov in Resources */ = {isa = PBXBuildFile; fileRef = 47506C1D1A92EECA00B069E5 /* loop.mov */; };
		47506C4F1A93052200B069E5 /* CGFloat+Extensions.swift in Sources */ = {isa = PBXBuildFile; fileRef = 47506C431A93052200B069E5 /* CGFloat+Extensions.swift */; };
		47506C501A93052200B069E5 /* CGPoint+Extensions.swift in Sources */ = {isa = PBXBuildFile; fileRef = 47506C441A93052200B069E5 /* CGPoint+Extensions.swift */; };
		47506C511A93052200B069E5 /* CGVector+Extensions.swift in Sources */ = {isa = PBXBuildFile; fileRef = 47506C451A93052200B069E5 /* CGVector+Extensions.swift */; };
		47506C521A93052200B069E5 /* Int+Extensions.swift in Sources */ = {isa = PBXBuildFile; fileRef = 47506C461A93052200B069E5 /* Int+Extensions.swift */; };
		47506C531A93052200B069E5 /* SKAction+Extensions.swift in Sources */ = {isa = PBXBuildFile; fileRef = 47506C471A93052200B069E5 /* SKAction+Extensions.swift */; };
		47506C541A93052200B069E5 /* SKAction+SpecialEffects.swift in Sources */ = {isa = PBXBuildFile; fileRef = 47506C481A93052200B069E5 /* SKAction+SpecialEffects.swift */; };
		47506C551A93052200B069E5 /* SKColor+Extensions.swift in Sources */ = {isa = PBXBuildFile; fileRef = 47506C491A93052200B069E5 /* SKColor+Extensions.swift */; };
		47506C561A93052200B069E5 /* SKNode+Extensions.swift in Sources */ = {isa = PBXBuildFile; fileRef = 47506C4A1A93052200B069E5 /* SKNode+Extensions.swift */; };
		47506C571A93052200B069E5 /* SKTAudio.swift in Sources */ = {isa = PBXBuildFile; fileRef = 47506C4B1A93052200B069E5 /* SKTAudio.swift */; };
		47506C581A93052200B069E5 /* SKTEffects.swift in Sources */ = {isa = PBXBuildFile; fileRef = 47506C4C1A93052200B069E5 /* SKTEffects.swift */; };
		47506C591A93052200B069E5 /* SKTTimingFunctions.swift in Sources */ = {isa = PBXBuildFile; fileRef = 47506C4D1A93052200B069E5 /* SKTTimingFunctions.swift */; };
		47506C5A1A93052200B069E5 /* Vector3.swift in Sources */ = {isa = PBXBuildFile; fileRef = 47506C4E1A93052200B069E5 /* Vector3.swift */; };
		478E966E1A97A86400D0CE97 /* Level2.sks in Resources */ = {isa = PBXBuildFile; fileRef = 478E966D1A97A86400D0CE97 /* Level2.sks */; };
/* End PBXBuildFile section */

/* Begin PBXContainerItemProxy section */
		47506BE31A92ED7700B069E5 /* PBXContainerItemProxy */ = {
			isa = PBXContainerItemProxy;
			containerPortal = 47506BC11A92ED7700B069E5 /* Project object */;
			proxyType = 1;
			remoteGlobalIDString = 47506BC81A92ED7700B069E5;
			remoteInfo = CatNap;
		};
/* End PBXContainerItemProxy section */

/* Begin PBXFileReference section */
		47506BC91A92ED7700B069E5 /* CatNap.app */ = {isa = PBXFileReference; explicitFileType = wrapper.application; includeInIndex = 0; path = CatNap.app; sourceTree = BUILT_PRODUCTS_DIR; };
		47506BCD1A92ED7700B069E5 /* Info.plist */ = {isa = PBXFileReference; lastKnownFileType = text.plist.xml; path = Info.plist; sourceTree = "<group>"; };
		47506BCE1A92ED7700B069E5 /* AppDelegate.swift */ = {isa = PBXFileReference; lastKnownFileType = sourcecode.swift; path = AppDelegate.swift; sourceTree = "<group>"; };
		47506BD01A92ED7700B069E5 /* Level1.sks */ = {isa = PBXFileReference; lastKnownFileType = file.sks; path = Level1.sks; sourceTree = "<group>"; };
		47506BD21A92ED7700B069E5 /* GameScene.swift */ = {isa = PBXFileReference; lastKnownFileType = sourcecode.swift; path = GameScene.swift; sourceTree = "<group>"; };
		47506BD41A92ED7700B069E5 /* GameViewController.swift */ = {isa = PBXFileReference; lastKnownFileType = sourcecode.swift; path = GameViewController.swift; sourceTree = "<group>"; };
		47506BD71A92ED7700B069E5 /* Base */ = {isa = PBXFileReference; lastKnownFileType = file.storyboard; name = Base; path = Base.lproj/Main.storyboard; sourceTree = "<group>"; };
		47506BD91A92ED7700B069E5 /* Images.xcassets */ = {isa = PBXFileReference; lastKnownFileType = folder.assetcatalog; path = Images.xcassets; sourceTree = "<group>"; };
		47506BDC1A92ED7700B069E5 /* Base */ = {isa = PBXFileReference; lastKnownFileType = file.xib; name = Base; path = Base.lproj/LaunchScreen.xib; sourceTree = "<group>"; };
		47506BE21A92ED7700B069E5 /* CatNapTests.xctest */ = {isa = PBXFileReference; explicitFileType = wrapper.cfbundle; includeInIndex = 0; path = CatNapTests.xctest; sourceTree = BUILT_PRODUCTS_DIR; };
		47506BE71A92ED7700B069E5 /* Info.plist */ = {isa = PBXFileReference; lastKnownFileType = text.plist.xml; path = Info.plist; sourceTree = "<group>"; };
		47506BE81A92ED7700B069E5 /* CatNapTests.swift */ = {isa = PBXFileReference; lastKnownFileType = sourcecode.swift; path = CatNapTests.swift; sourceTree = "<group>"; };
		47506BF51A92EECA00B069E5 /* Icon29.png */ = {isa = PBXFileReference; lastKnownFileType = image.png; path = Icon29.png; sourceTree = "<group>"; };
		47506BF61A92EECA00B069E5 /* Icon29@2x.png */ = {isa = PBXFileReference; lastKnownFileType = image.png; path = "Icon29@2x.png"; sourceTree = "<group>"; };
		47506BF71A92EECA00B069E5 /* Icon29@3x.png */ = {isa = PBXFileReference; lastKnownFileType = image.png; path = "Icon29@3x.png"; sourceTree = "<group>"; };
		47506BF81A92EECA00B069E5 /* Icon40.png */ = {isa = PBXFileReference; lastKnownFileType = image.png; path = Icon40.png; sourceTree = "<group>"; };
		47506BF91A92EECA00B069E5 /* Icon40@2x.png */ = {isa = PBXFileReference; lastKnownFileType = image.png; path = "Icon40@2x.png"; sourceTree = "<group>"; };
		47506BFA1A92EECA00B069E5 /* Icon40@3x.png */ = {isa = PBXFileReference; lastKnownFileType = image.png; path = "Icon40@3x.png"; sourceTree = "<group>"; };
		47506BFB1A92EECA00B069E5 /* Icon50.png */ = {isa = PBXFileReference; lastKnownFileType = image.png; path = Icon50.png; sourceTree = "<group>"; };
		47506BFC1A92EECA00B069E5 /* Icon50@2x.png */ = {isa = PBXFileReference; lastKnownFileType = image.png; path = "Icon50@2x.png"; sourceTree = "<group>"; };
		47506BFD1A92EECA00B069E5 /* Icon57.png */ = {isa = PBXFileReference; lastKnownFileType = image.png; path = Icon57.png; sourceTree = "<group>"; };
		47506BFE1A92EECA00B069E5 /* Icon57@2x.png */ = {isa = PBXFileReference; lastKnownFileType = image.png; path = "Icon57@2x.png"; sourceTree = "<group>"; };
		47506BFF1A92EECA00B069E5 /* Icon60@2x.png */ = {isa = PBXFileReference; lastKnownFileType = image.png; path = "Icon60@2x.png"; sourceTree = "<group>"; };
		47506C001A92EECA00B069E5 /* Icon60@3x.png */ = {isa = PBXFileReference; lastKnownFileType = image.png; path = "Icon60@3x.png"; sourceTree = "<group>"; };
		47506C011A92EECA00B069E5 /* Icon72.png */ = {isa = PBXFileReference; lastKnownFileType = image.png; path = Icon72.png; sourceTree = "<group>"; };
		47506C021A92EECA00B069E5 /* Icon72@2x.png */ = {isa = PBXFileReference; lastKnownFileType = image.png; path = "Icon72@2x.png"; sourceTree = "<group>"; };
		47506C031A92EECA00B069E5 /* Icon76.png */ = {isa = PBXFileReference; lastKnownFileType = image.png; path = Icon76.png; sourceTree = "<group>"; };
		47506C041A92EECA00B069E5 /* Icon76@2x.png */ = {isa = PBXFileReference; lastKnownFileType = image.png; path = "Icon76@2x.png"; sourceTree = "<group>"; };
		47506C061A92EECA00B069E5 /* iTunesArtwork.png */ = {isa = PBXFileReference; lastKnownFileType = image.png; path = iTunesArtwork.png; sourceTree = "<group>"; };
		47506C071A92EECA00B069E5 /* iTunesArtwork@2x.png */ = {isa = PBXFileReference; lastKnownFileType = image.png; path = "iTunesArtwork@2x.png"; sourceTree = "<group>"; };
		47506C091A92EECA00B069E5 /* Icon1024.png */ = {isa = PBXFileReference; lastKnownFileType = image.png; path = Icon1024.png; sourceTree = "<group>"; };
		47506C0A1A92EECA00B069E5 /* Icon128.png */ = {isa = PBXFileReference; lastKnownFileType = image.png; path = Icon128.png; sourceTree = "<group>"; };
		47506C0B1A92EECA00B069E5 /* Icon16.png */ = {isa = PBXFileReference; lastKnownFileType = image.png; path = Icon16.png; sourceTree = "<group>"; };
		47506C0C1A92EECA00B069E5 /* Icon256.png */ = {isa = PBXFileReference; lastKnownFileType = image.png; path = Icon256.png; sourceTree = "<group>"; };
		47506C0D1A92EECA00B069E5 /* Icon32.png */ = {isa = PBXFileReference; lastKnownFileType = image.png; path = Icon32.png; sourceTree = "<group>"; };
		47506C0E1A92EECA00B069E5 /* Icon512.png */ = {isa = PBXFileReference; lastKnownFileType = image.png; path = Icon512.png; sourceTree = "<group>"; };
		47506C0F1A92EECA00B069E5 /* Icon64.png */ = {isa = PBXFileReference; lastKnownFileType = image.png; path = Icon64.png; sourceTree = "<group>"; };
		47506C111A92EECA00B069E5 /* .BridgeSort */ = {isa = PBXFileReference; fileEncoding = 4; lastKnownFileType = text.xml; path = .BridgeSort; sourceTree = "<group>"; };
		47506C121A92EECA00B069E5 /* background-desat.png */ = {isa = PBXFileReference; lastKnownFileType = image.png; path = "background-desat.png"; sourceTree = "<group>"; };
		47506C131A92EECA00B069E5 /* background.png */ = {isa = PBXFileReference; lastKnownFileType = image.png; path = background.png; sourceTree = "<group>"; };
		47506C141A92EECA00B069E5 /* cat_body.png */ = {isa = PBXFileReference; lastKnownFileType = image.png; path = cat_body.png; sourceTree = "<group>"; };
		47506C161A92EECA00B069E5 /* backgroundMusic.mp3 */ = {isa = PBXFileReference; lastKnownFileType = audio.mp3; path = backgroundMusic.mp3; sourceTree = "<group>"; };
		47506C171A92EECA00B069E5 /* lose.mp3 */ = {isa = PBXFileReference; lastKnownFileType = audio.mp3; path = lose.mp3; sourceTree = "<group>"; };
		47506C181A92EECA00B069E5 /* pop.mp3 */ = {isa = PBXFileReference; lastKnownFileType = audio.mp3; path = pop.mp3; sourceTree = "<group>"; };
		47506C191A92EECA00B069E5 /* win.mp3 */ = {isa = PBXFileReference; lastKnownFileType = audio.mp3; path = win.mp3; sourceTree = "<group>"; };
		47506C1A1A92EECA00B069E5 /* sprites.atlas */ = {isa = PBXFileReference; lastKnownFileType = folder.skatlas; path = sprites.atlas; sourceTree = "<group>"; };
		47506C1C1A92EECA00B069E5 /* BookTrailer.m4v */ = {isa = PBXFileReference; lastKnownFileType = file; path = BookTrailer.m4v; sourceTree = "<group>"; };
		47506C1D1A92EECA00B069E5 /* loop.mov */ = {isa = PBXFileReference; lastKnownFileType = video.quicktime; path = loop.mov; sourceTree = "<group>"; };
		47506C431A93052200B069E5 /* CGFloat+Extensions.swift */ = {isa = PBXFileReference; fileEncoding = 4; lastKnownFileType = sourcecode.swift; path = "CGFloat+Extensions.swift"; sourceTree = "<group>"; };
		47506C441A93052200B069E5 /* CGPoint+Extensions.swift */ = {isa = PBXFileReference; fileEncoding = 4; lastKnownFileType = sourcecode.swift; path = "CGPoint+Extensions.swift"; sourceTree = "<group>"; };
		47506C451A93052200B069E5 /* CGVector+Extensions.swift */ = {isa = PBXFileReference; fileEncoding = 4; lastKnownFileType = sourcecode.swift; path = "CGVector+Extensions.swift"; sourceTree = "<group>"; };
		47506C461A93052200B069E5 /* Int+Extensions.swift */ = {isa = PBXFileReference; fileEncoding = 4; lastKnownFileType = sourcecode.swift; path = "Int+Extensions.swift"; sourceTree = "<group>"; };
		47506C471A93052200B069E5 /* SKAction+Extensions.swift */ = {isa = PBXFileReference; fileEncoding = 4; lastKnownFileType = sourcecode.swift; path = "SKAction+Extensions.swift"; sourceTree = "<group>"; };
		47506C481A93052200B069E5 /* SKAction+SpecialEffects.swift */ = {isa = PBXFileReference; fileEncoding = 4; lastKnownFileType = sourcecode.swift; path = "SKAction+SpecialEffects.swift"; sourceTree = "<group>"; };
		47506C491A93052200B069E5 /* SKColor+Extensions.swift */ = {isa = PBXFileReference; fileEncoding = 4; lastKnownFileType = sourcecode.swift; path = "SKColor+Extensions.swift"; sourceTree = "<group>"; };
		47506C4A1A93052200B069E5 /* SKNode+Extensions.swift */ = {isa = PBXFileReference; fileEncoding = 4; lastKnownFileType = sourcecode.swift; path = "SKNode+Extensions.swift"; sourceTree = "<group>"; };
		47506C4B1A93052200B069E5 /* SKTAudio.swift */ = {isa = PBXFileReference; fileEncoding = 4; lastKnownFileType = sourcecode.swift; path = SKTAudio.swift; sourceTree = "<group>"; };
		47506C4C1A93052200B069E5 /* SKTEffects.swift */ = {isa = PBXFileReference; fileEncoding = 4; lastKnownFileType = sourcecode.swift; path = SKTEffects.swift; sourceTree = "<group>"; };
		47506C4D1A93052200B069E5 /* SKTTimingFunctions.swift */ = {isa = PBXFileReference; fileEncoding = 4; lastKnownFileType = sourcecode.swift; path = SKTTimingFunctions.swift; sourceTree = "<group>"; };
		47506C4E1A93052200B069E5 /* Vector3.swift */ = {isa = PBXFileReference; fileEncoding = 4; lastKnownFileType = sourcecode.swift; path = Vector3.swift; sourceTree = "<group>"; };
		478E966D1A97A86400D0CE97 /* Level2.sks */ = {isa = PBXFileReference; lastKnownFileType = file.sks; path = Level2.sks; sourceTree = "<group>"; };
/* End PBXFileReference section */

/* Begin PBXFrameworksBuildPhase section */
		47506BC61A92ED7700B069E5 /* Frameworks */ = {
			isa = PBXFrameworksBuildPhase;
			buildActionMask = 2147483647;
			files = (
			);
			runOnlyForDeploymentPostprocessing = 0;
		};
		47506BDF1A92ED7700B069E5 /* Frameworks */ = {
			isa = PBXFrameworksBuildPhase;
			buildActionMask = 2147483647;
			files = (
			);
			runOnlyForDeploymentPostprocessing = 0;
		};
/* End PBXFrameworksBuildPhase section */

/* Begin PBXGroup section */
		47506BC01A92ED7700B069E5 = {
			isa = PBXGroup;
			children = (
				47506BCB1A92ED7700B069E5 /* CatNap */,
				47506BE51A92ED7700B069E5 /* CatNapTests */,
				47506BCA1A92ED7700B069E5 /* Products */,
			);
			sourceTree = "<group>";
		};
		47506BCA1A92ED7700B069E5 /* Products */ = {
			isa = PBXGroup;
			children = (
				47506BC91A92ED7700B069E5 /* CatNap.app */,
				47506BE21A92ED7700B069E5 /* CatNapTests.xctest */,
			);
			name = Products;
			sourceTree = "<group>";
		};
		47506BCB1A92ED7700B069E5 /* CatNap */ = {
			isa = PBXGroup;
			children = (
				47506C421A93052200B069E5 /* SKTUtils */,
				47506BF21A92EECA00B069E5 /* Resources */,
				47506BCE1A92ED7700B069E5 /* AppDelegate.swift */,
				47506BD01A92ED7700B069E5 /* Level1.sks */,
				47506BD21A92ED7700B069E5 /* GameScene.swift */,
				478E966D1A97A86400D0CE97 /* Level2.sks */,
				47506BD41A92ED7700B069E5 /* GameViewController.swift */,
				47506BD61A92ED7700B069E5 /* Main.storyboard */,
				47506BD91A92ED7700B069E5 /* Images.xcassets */,
				47506BDB1A92ED7700B069E5 /* LaunchScreen.xib */,
				47506BCC1A92ED7700B069E5 /* Supporting Files */,
			);
			path = CatNap;
			sourceTree = "<group>";
		};
		47506BCC1A92ED7700B069E5 /* Supporting Files */ = {
			isa = PBXGroup;
			children = (
				47506BCD1A92ED7700B069E5 /* Info.plist */,
			);
			name = "Supporting Files";
			sourceTree = "<group>";
		};
		47506BE51A92ED7700B069E5 /* CatNapTests */ = {
			isa = PBXGroup;
			children = (
				47506BE81A92ED7700B069E5 /* CatNapTests.swift */,
				47506BE61A92ED7700B069E5 /* Supporting Files */,
			);
			path = CatNapTests;
			sourceTree = "<group>";
		};
		47506BE61A92ED7700B069E5 /* Supporting Files */ = {
			isa = PBXGroup;
			children = (
				47506BE71A92ED7700B069E5 /* Info.plist */,
			);
			name = "Supporting Files";
			sourceTree = "<group>";
		};
		47506BF21A92EECA00B069E5 /* Resources */ = {
			isa = PBXGroup;
			children = (
				47506BF31A92EECA00B069E5 /* Icons */,
				47506C101A92EECA00B069E5 /* Images */,
				47506C151A92EECA00B069E5 /* Sounds */,
				47506C1A1A92EECA00B069E5 /* sprites.atlas */,
				47506C1B1A92EECA00B069E5 /* Videos */,
			);
			path = Resources;
			sourceTree = "<group>";
		};
		47506BF31A92EECA00B069E5 /* Icons */ = {
			isa = PBXGroup;
			children = (
				47506BF41A92EECA00B069E5 /* iOS */,
				47506C051A92EECA00B069E5 /* iTunes */,
				47506C081A92EECA00B069E5 /* Mac */,
			);
			path = Icons;
			sourceTree = "<group>";
		};
		47506BF41A92EECA00B069E5 /* iOS */ = {
			isa = PBXGroup;
			children = (
				47506BF51A92EECA00B069E5 /* Icon29.png */,
				47506BF61A92EECA00B069E5 /* Icon29@2x.png */,
				47506BF71A92EECA00B069E5 /* Icon29@3x.png */,
				47506BF81A92EECA00B069E5 /* Icon40.png */,
				47506BF91A92EECA00B069E5 /* Icon40@2x.png */,
				47506BFA1A92EECA00B069E5 /* Icon40@3x.png */,
				47506BFB1A92EECA00B069E5 /* Icon50.png */,
				47506BFC1A92EECA00B069E5 /* Icon50@2x.png */,
				47506BFD1A92EECA00B069E5 /* Icon57.png */,
				47506BFE1A92EECA00B069E5 /* Icon57@2x.png */,
				47506BFF1A92EECA00B069E5 /* Icon60@2x.png */,
				47506C001A92EECA00B069E5 /* Icon60@3x.png */,
				47506C011A92EECA00B069E5 /* Icon72.png */,
				47506C021A92EECA00B069E5 /* Icon72@2x.png */,
				47506C031A92EECA00B069E5 /* Icon76.png */,
				47506C041A92EECA00B069E5 /* Icon76@2x.png */,
			);
			path = iOS;
			sourceTree = "<group>";
		};
		47506C051A92EECA00B069E5 /* iTunes */ = {
			isa = PBXGroup;
			children = (
				47506C061A92EECA00B069E5 /* iTunesArtwork.png */,
				47506C071A92EECA00B069E5 /* iTunesArtwork@2x.png */,
			);
			path = iTunes;
			sourceTree = "<group>";
		};
		47506C081A92EECA00B069E5 /* Mac */ = {
			isa = PBXGroup;
			children = (
				47506C091A92EECA00B069E5 /* Icon1024.png */,
				47506C0A1A92EECA00B069E5 /* Icon128.png */,
				47506C0B1A92EECA00B069E5 /* Icon16.png */,
				47506C0C1A92EECA00B069E5 /* Icon256.png */,
				47506C0D1A92EECA00B069E5 /* Icon32.png */,
				47506C0E1A92EECA00B069E5 /* Icon512.png */,
				47506C0F1A92EECA00B069E5 /* Icon64.png */,
			);
			path = Mac;
			sourceTree = "<group>";
		};
		47506C101A92EECA00B069E5 /* Images */ = {
			isa = PBXGroup;
			children = (
				47506C111A92EECA00B069E5 /* .BridgeSort */,
				47506C121A92EECA00B069E5 /* background-desat.png */,
				47506C131A92EECA00B069E5 /* background.png */,
				47506C141A92EECA00B069E5 /* cat_body.png */,
			);
			path = Images;
			sourceTree = "<group>";
		};
		47506C151A92EECA00B069E5 /* Sounds */ = {
			isa = PBXGroup;
			children = (
				47506C161A92EECA00B069E5 /* backgroundMusic.mp3 */,
				47506C171A92EECA00B069E5 /* lose.mp3 */,
				47506C181A92EECA00B069E5 /* pop.mp3 */,
				47506C191A92EECA00B069E5 /* win.mp3 */,
			);
			path = Sounds;
			sourceTree = "<group>";
		};
		47506C1B1A92EECA00B069E5 /* Videos */ = {
			isa = PBXGroup;
			children = (
				47506C1C1A92EECA00B069E5 /* BookTrailer.m4v */,
				47506C1D1A92EECA00B069E5 /* loop.mov */,
			);
			path = Videos;
			sourceTree = "<group>";
		};
		47506C421A93052200B069E5 /* SKTUtils */ = {
			isa = PBXGroup;
			children = (
				47506C431A93052200B069E5 /* CGFloat+Extensions.swift */,
				47506C441A93052200B069E5 /* CGPoint+Extensions.swift */,
				47506C451A93052200B069E5 /* CGVector+Extensions.swift */,
				47506C461A93052200B069E5 /* Int+Extensions.swift */,
				47506C471A93052200B069E5 /* SKAction+Extensions.swift */,
				47506C481A93052200B069E5 /* SKAction+SpecialEffects.swift */,
				47506C491A93052200B069E5 /* SKColor+Extensions.swift */,
				47506C4A1A93052200B069E5 /* SKNode+Extensions.swift */,
				47506C4B1A93052200B069E5 /* SKTAudio.swift */,
				47506C4C1A93052200B069E5 /* SKTEffects.swift */,
				47506C4D1A93052200B069E5 /* SKTTimingFunctions.swift */,
				47506C4E1A93052200B069E5 /* Vector3.swift */,
			);
			path = SKTUtils;
			sourceTree = "<group>";
		};
/* End PBXGroup section */

/* Begin PBXNativeTarget section */
		47506BC81A92ED7700B069E5 /* CatNap */ = {
			isa = PBXNativeTarget;
			buildConfigurationList = 47506BEC1A92ED7700B069E5 /* Build configuration list for PBXNativeTarget "CatNap" */;
			buildPhases = (
				47506BC51A92ED7700B069E5 /* Sources */,
				47506BC61A92ED7700B069E5 /* Frameworks */,
				47506BC71A92ED7700B069E5 /* Resources */,
			);
			buildRules = (
			);
			dependencies = (
			);
			name = CatNap;
			productName = CatNap;
			productReference = 47506BC91A92ED7700B069E5 /* CatNap.app */;
			productType = "com.apple.product-type.application";
		};
		47506BE11A92ED7700B069E5 /* CatNapTests */ = {
			isa = PBXNativeTarget;
			buildConfigurationList = 47506BEF1A92ED7700B069E5 /* Build configuration list for PBXNativeTarget "CatNapTests" */;
			buildPhases = (
				47506BDE1A92ED7700B069E5 /* Sources */,
				47506BDF1A92ED7700B069E5 /* Frameworks */,
				47506BE01A92ED7700B069E5 /* Resources */,
			);
			buildRules = (
			);
			dependencies = (
				47506BE41A92ED7700B069E5 /* PBXTargetDependency */,
			);
			name = CatNapTests;
			productName = CatNapTests;
			productReference = 47506BE21A92ED7700B069E5 /* CatNapTests.xctest */;
			productType = "com.apple.product-type.bundle.unit-test";
		};
/* End PBXNativeTarget section */

/* Begin PBXProject section */
		47506BC11A92ED7700B069E5 /* Project object */ = {
			isa = PBXProject;
			attributes = {
				LastUpgradeCheck = 0610;
				ORGANIZATIONNAME = "Atikur Rahman";
				TargetAttributes = {
					47506BC81A92ED7700B069E5 = {
						CreatedOnToolsVersion = 6.1.1;
					};
					47506BE11A92ED7700B069E5 = {
						CreatedOnToolsVersion = 6.1.1;
						TestTargetID = 47506BC81A92ED7700B069E5;
					};
				};
			};
			buildConfigurationList = 47506BC41A92ED7700B069E5 /* Build configuration list for PBXProject "CatNap" */;
			compatibilityVersion = "Xcode 3.2";
			developmentRegion = English;
			hasScannedForEncodings = 0;
			knownRegions = (
				en,
				Base,
			);
			mainGroup = 47506BC01A92ED7700B069E5;
			productRefGroup = 47506BCA1A92ED7700B069E5 /* Products */;
			projectDirPath = "";
			projectRoot = "";
			targets = (
				47506BC81A92ED7700B069E5 /* CatNap */,
				47506BE11A92ED7700B069E5 /* CatNapTests */,
			);
		};
/* End PBXProject section */

/* Begin PBXResourcesBuildPhase section */
		47506BC71A92ED7700B069E5 /* Resources */ = {
			isa = PBXResourcesBuildPhase;
			buildActionMask = 2147483647;
			files = (
				47506C3B1A92EECA00B069E5 /* backgroundMusic.mp3 in Resources */,
				47506C251A92EECA00B069E5 /* Icon50@2x.png in Resources */,
				47506C391A92EECA00B069E5 /* background.png in Resources */,
				47506C381A92EECA00B069E5 /* background-desat.png in Resources */,
				47506C2C1A92EECA00B069E5 /* Icon76.png in Resources */,
				47506C361A92EECA00B069E5 /* Icon64.png in Resources */,
				47506C311A92EECA00B069E5 /* Icon128.png in Resources */,
				47506C321A92EECA00B069E5 /* Icon16.png in Resources */,
				47506C241A92EECA00B069E5 /* Icon50.png in Resources */,
				47506C341A92EECA00B069E5 /* Icon32.png in Resources */,
				47506C3F1A92EECA00B069E5 /* sprites.atlas in Resources */,
				47506C3A1A92EECA00B069E5 /* cat_body.png in Resources */,
				47506C3C1A92EECA00B069E5 /* lose.mp3 in Resources */,
				47506C3D1A92EECA00B069E5 /* pop.mp3 in Resources */,
				47506C2E1A92EECA00B069E5 /* iTunesArtwork.png in Resources */,
				478E966E1A97A86400D0CE97 /* Level2.sks in Resources */,
				47506C231A92EECA00B069E5 /* Icon40@3x.png in Resources */,
				47506C2D1A92EECA00B069E5 /* Icon76@2x.png in Resources */,
				47506C3E1A92EECA00B069E5 /* win.mp3 in Resources */,
				47506C301A92EECA00B069E5 /* Icon1024.png in Resources */,
				47506BDD1A92ED7700B069E5 /* LaunchScreen.xib in Resources */,
				47506C371A92EECA00B069E5 /* .BridgeSort in Resources */,
				47506C2B1A92EECA00B069E5 /* Icon72@2x.png in Resources */,
				47506C2A1A92EECA00B069E5 /* Icon72.png in Resources */,
				47506BDA1A92ED7700B069E5 /* Images.xcassets in Resources */,
				47506C211A92EECA00B069E5 /* Icon40.png in Resources */,
				47506BD11A92ED7700B069E5 /* Level1.sks in Resources */,
				47506C411A92EECA00B069E5 /* loop.mov in Resources */,
				47506C271A92EECA00B069E5 /* Icon57@2x.png in Resources */,
				47506C331A92EECA00B069E5 /* Icon256.png in Resources */,
				47506C2F1A92EECA00B069E5 /* iTunesArtwork@2x.png in Resources */,
				47506C1E1A92EECA00B069E5 /* Icon29.png in Resources */,
				47506C201A92EECA00B069E5 /* Icon29@3x.png in Resources */,
				47506C291A92EECA00B069E5 /* Icon60@3x.png in Resources */,
				47506C401A92EECA00B069E5 /* BookTrailer.m4v in Resources */,
				47506C1F1A92EECA00B069E5 /* Icon29@2x.png in Resources */,
				47506C351A92EECA00B069E5 /* Icon512.png in Resources */,
				47506BD81A92ED7700B069E5 /* Main.storyboard in Resources */,
				47506C261A92EECA00B069E5 /* Icon57.png in Resources */,
				47506C281A92EECA00B069E5 /* Icon60@2x.png in Resources */,
				47506C221A92EECA00B069E5 /* Icon40@2x.png in Resources */,
			);
			runOnlyForDeploymentPostprocessing = 0;
		};
		47506BE01A92ED7700B069E5 /* Resources */ = {
			isa = PBXResourcesBuildPhase;
			buildActionMask = 2147483647;
			files = (
			);
			runOnlyForDeploymentPostprocessing = 0;
		};
/* End PBXResourcesBuildPhase section */

/* Begin PBXSourcesBuildPhase section */
		47506BC51A92ED7700B069E5 /* Sources */ = {
			isa = PBXSourcesBuildPhase;
			buildActionMask = 2147483647;
			files = (
				47506BD31A92ED7700B069E5 /* GameScene.swift in Sources */,
				47506C501A93052200B069E5 /* CGPoint+Extensions.swift in Sources */,
				47506C591A93052200B069E5 /* SKTTimingFunctions.swift in Sources */,
				47506C581A93052200B069E5 /* SKTEffects.swift in Sources */,
				47506C541A93052200B069E5 /* SKAction+SpecialEffects.swift in Sources */,
				47506C511A93052200B069E5 /* CGVector+Extensions.swift in Sources */,
				47506C531A93052200B069E5 /* SKAction+Extensions.swift in Sources */,
				47506C551A93052200B069E5 /* SKColor+Extensions.swift in Sources */,
				47506BD51A92ED7700B069E5 /* GameViewController.swift in Sources */,
				47506C521A93052200B069E5 /* Int+Extensions.swift in Sources */,
				47506C561A93052200B069E5 /* SKNode+Extensions.swift in Sources */,
				47506C571A93052200B069E5 /* SKTAudio.swift in Sources */,
				47506C4F1A93052200B069E5 /* CGFloat+Extensions.swift in Sources */,
				47506C5A1A93052200B069E5 /* Vector3.swift in Sources */,
				47506BCF1A92ED7700B069E5 /* AppDelegate.swift in Sources */,
			);
			runOnlyForDeploymentPostprocessing = 0;
		};
		47506BDE1A92ED7700B069E5 /* Sources */ = {
			isa = PBXSourcesBuildPhase;
			buildActionMask = 2147483647;
			files = (
				47506BE91A92ED7700B069E5 /* CatNapTests.swift in Sources */,
			);
			runOnlyForDeploymentPostprocessing = 0;
		};
/* End PBXSourcesBuildPhase section */

/* Begin PBXTargetDependency section */
		47506BE41A92ED7700B069E5 /* PBXTargetDependency */ = {
			isa = PBXTargetDependency;
			target = 47506BC81A92ED7700B069E5 /* CatNap */;
			targetProxy = 47506BE31A92ED7700B069E5 /* PBXContainerItemProxy */;
		};
/* End PBXTargetDependency section */

/* Begin PBXVariantGroup section */
		47506BD61A92ED7700B069E5 /* Main.storyboard */ = {
			isa = PBXVariantGroup;
			children = (
				47506BD71A92ED7700B069E5 /* Base */,
			);
			name = Main.storyboard;
			sourceTree = "<group>";
		};
		47506BDB1A92ED7700B069E5 /* LaunchScreen.xib */ = {
			isa = PBXVariantGroup;
			children = (
				47506BDC1A92ED7700B069E5 /* Base */,
			);
			name = LaunchScreen.xib;
			sourceTree = "<group>";
		};
/* End PBXVariantGroup section */

/* Begin XCBuildConfiguration section */
		47506BEA1A92ED7700B069E5 /* Debug */ = {
			isa = XCBuildConfiguration;
			buildSettings = {
				ALWAYS_SEARCH_USER_PATHS = NO;
				CLANG_CXX_LANGUAGE_STANDARD = "gnu++0x";
				CLANG_CXX_LIBRARY = "libc++";
				CLANG_ENABLE_MODULES = YES;
				CLANG_ENABLE_OBJC_ARC = YES;
				CLANG_WARN_BOOL_CONVERSION = YES;
				CLANG_WARN_CONSTANT_CONVERSION = YES;
				CLANG_WARN_DIRECT_OBJC_ISA_USAGE = YES_ERROR;
				CLANG_WARN_EMPTY_BODY = YES;
				CLANG_WARN_ENUM_CONVERSION = YES;
				CLANG_WARN_INT_CONVERSION = YES;
				CLANG_WARN_OBJC_ROOT_CLASS = YES_ERROR;
				CLANG_WARN_UNREACHABLE_CODE = YES;
				CLANG_WARN__DUPLICATE_METHOD_MATCH = YES;
				"CODE_SIGN_IDENTITY[sdk=iphoneos*]" = "iPhone Developer";
				COPY_PHASE_STRIP = NO;
				ENABLE_STRICT_OBJC_MSGSEND = YES;
				GCC_C_LANGUAGE_STANDARD = gnu99;
				GCC_DYNAMIC_NO_PIC = NO;
				GCC_OPTIMIZATION_LEVEL = 0;
				GCC_PREPROCESSOR_DEFINITIONS = (
					"DEBUG=1",
					"$(inherited)",
				);
				GCC_SYMBOLS_PRIVATE_EXTERN = NO;
				GCC_WARN_64_TO_32_BIT_CONVERSION = YES;
				GCC_WARN_ABOUT_RETURN_TYPE = YES_ERROR;
				GCC_WARN_UNDECLARED_SELECTOR = YES;
				GCC_WARN_UNINITIALIZED_AUTOS = YES_AGGRESSIVE;
				GCC_WARN_UNUSED_FUNCTION = YES;
				GCC_WARN_UNUSED_VARIABLE = YES;
				IPHONEOS_DEPLOYMENT_TARGET = 8.1;
				MTL_ENABLE_DEBUG_INFO = YES;
				ONLY_ACTIVE_ARCH = YES;
				SDKROOT = iphoneos;
				SWIFT_OPTIMIZATION_LEVEL = "-Onone";
				TARGETED_DEVICE_FAMILY = "1,2";
			};
			name = Debug;
		};
		47506BEB1A92ED7700B069E5 /* Release */ = {
			isa = XCBuildConfiguration;
			buildSettings = {
				ALWAYS_SEARCH_USER_PATHS = NO;
				CLANG_CXX_LANGUAGE_STANDARD = "gnu++0x";
				CLANG_CXX_LIBRARY = "libc++";
				CLANG_ENABLE_MODULES = YES;
				CLANG_ENABLE_OBJC_ARC = YES;
				CLANG_WARN_BOOL_CONVERSION = YES;
				CLANG_WARN_CONSTANT_CONVERSION = YES;
				CLANG_WARN_DIRECT_OBJC_ISA_USAGE = YES_ERROR;
				CLANG_WARN_EMPTY_BODY = YES;
				CLANG_WARN_ENUM_CONVERSION = YES;
				CLANG_WARN_INT_CONVERSION = YES;
				CLANG_WARN_OBJC_ROOT_CLASS = YES_ERROR;
				CLANG_WARN_UNREACHABLE_CODE = YES;
				CLANG_WARN__DUPLICATE_METHOD_MATCH = YES;
				"CODE_SIGN_IDENTITY[sdk=iphoneos*]" = "iPhone Developer";
				COPY_PHASE_STRIP = YES;
				ENABLE_NS_ASSERTIONS = NO;
				ENABLE_STRICT_OBJC_MSGSEND = YES;
				GCC_C_LANGUAGE_STANDARD = gnu99;
				GCC_WARN_64_TO_32_BIT_CONVERSION = YES;
				GCC_WARN_ABOUT_RETURN_TYPE = YES_ERROR;
				GCC_WARN_UNDECLARED_SELECTOR = YES;
				GCC_WARN_UNINITIALIZED_AUTOS = YES_AGGRESSIVE;
				GCC_WARN_UNUSED_FUNCTION = YES;
				GCC_WARN_UNUSED_VARIABLE = YES;
				IPHONEOS_DEPLOYMENT_TARGET = 8.1;
				MTL_ENABLE_DEBUG_INFO = NO;
				SDKROOT = iphoneos;
				TARGETED_DEVICE_FAMILY = "1,2";
				VALIDATE_PRODUCT = YES;
			};
			name = Release;
		};
		47506BED1A92ED7700B069E5 /* Debug */ = {
			isa = XCBuildConfiguration;
			buildSettings = {
				ASSETCATALOG_COMPILER_APPICON_NAME = AppIcon;
				INFOPLIST_FILE = CatNap/Info.plist;
				LD_RUNPATH_SEARCH_PATHS = "$(inherited) @executable_path/Frameworks";
				PRODUCT_NAME = "$(TARGET_NAME)";
				TARGETED_DEVICE_FAMILY = 2;
			};
			name = Debug;
		};
		47506BEE1A92ED7700B069E5 /* Release */ = {
			isa = XCBuildConfiguration;
			buildSettings = {
				ASSETCATALOG_COMPILER_APPICON_NAME = AppIcon;
				INFOPLIST_FILE = CatNap/Info.plist;
				LD_RUNPATH_SEARCH_PATHS = "$(inherited) @executable_path/Frameworks";
				PRODUCT_NAME = "$(TARGET_NAME)";
				TARGETED_DEVICE_FAMILY = 2;
			};
			name = Release;
		};
		47506BF01A92ED7700B069E5 /* Debug */ = {
			isa = XCBuildConfiguration;
			buildSettings = {
				BUNDLE_LOADER = "$(TEST_HOST)";
				FRAMEWORK_SEARCH_PATHS = (
					"$(SDKROOT)/Developer/Library/Frameworks",
					"$(inherited)",
				);
				GCC_PREPROCESSOR_DEFINITIONS = (
					"DEBUG=1",
					"$(inherited)",
				);
				INFOPLIST_FILE = CatNapTests/Info.plist;
				LD_RUNPATH_SEARCH_PATHS = "$(inherited) @executable_path/Frameworks @loader_path/Frameworks";
				PRODUCT_NAME = "$(TARGET_NAME)";
				TEST_HOST = "$(BUILT_PRODUCTS_DIR)/CatNap.app/CatNap";
			};
			name = Debug;
		};
		47506BF11A92ED7700B069E5 /* Release */ = {
			isa = XCBuildConfiguration;
			buildSettings = {
				BUNDLE_LOADER = "$(TEST_HOST)";
				FRAMEWORK_SEARCH_PATHS = (
					"$(SDKROOT)/Developer/Library/Frameworks",
					"$(inherited)",
				);
				INFOPLIST_FILE = CatNapTests/Info.plist;
				LD_RUNPATH_SEARCH_PATHS = "$(inherited) @executable_path/Frameworks @loader_path/Frameworks";
				PRODUCT_NAME = "$(TARGET_NAME)";
				TEST_HOST = "$(BUILT_PRODUCTS_DIR)/CatNap.app/CatNap";
			};
			name = Release;
		};
/* End XCBuildConfiguration section */

/* Begin XCConfigurationList section */
		47506BC41A92ED7700B069E5 /* Build configuration list for PBXProject "CatNap" */ = {
			isa = XCConfigurationList;
			buildConfigurations = (
				47506BEA1A92ED7700B069E5 /* Debug */,
				47506BEB1A92ED7700B069E5 /* Release */,
			);
			defaultConfigurationIsVisible = 0;
			defaultConfigurationName = Release;
		};
		47506BEC1A92ED7700B069E5 /* Build configuration list for PBXNativeTarget "CatNap" */ = {
			isa = XCConfigurationList;
			buildConfigurations = (
				47506BED1A92ED7700B069E5 /* Debug */,
				47506BEE1A92ED7700B069E5 /* Release */,
			);
			defaultConfigurationIsVisible = 0;
			defaultConfigurationName = Release;
		};
		47506BEF1A92ED7700B069E5 /* Build configuration list for PBXNativeTarget "CatNapTests" */ = {
			isa = XCConfigurationList;
			buildConfigurations = (
				47506BF01A92ED7700B069E5 /* Debug */,
				47506BF11A92ED7700B069E5 /* Release */,
			);
			defaultConfigurationIsVisible = 0;
			defaultConfigurationName = Release;
		};
/* End XCConfigurationList section */
	};
	rootObject = 47506BC11A92ED7700B069E5 /* Project object */;
}
